
Microsoft Visual Studio Solution File, Format Version 12.00
# Visual Studio 15
VisualStudioVersion = 15.0.28307.168
MinimumVisualStudioVersion = 10.0.40219.1
Project("{FAE04EC0-301F-11D3-BF4B-00C04F79EFBC}") = "FinancialPortal", "FinancialPortal\FinancialPortal.csproj", "{0AE49A6B-7C40-4A40-8FCD-3EBEC012D46D}"
EndProject
Global
	GlobalSection(SolutionConfigurationPlatforms) = preSolution
		Debug|Any CPU = Debug|Any CPU
		Release|Any CPU = Release|Any CPU
	EndGlobalSection
	GlobalSection(ProjectConfigurationPlatforms) = postSolution
		{0AE49A6B-7C40-4A40-8FCD-3EBEC012D46D}.Debug|Any CPU.ActiveCfg = Debug|Any CPU
		{0AE49A6B-7C40-4A40-8FCD-3EBEC012D46D}.Debug|Any CPU.Build.0 = Debug|Any CPU
		{0AE49A6B-7C40-4A40-8FCD-3EBEC012D46D}.Release|Any CPU.ActiveCfg = Release|Any CPU
		{0AE49A6B-7C40-4A40-8FCD-3EBEC012D46D}.Release|Any CPU.Build.0 = Release|Any CPU
	EndGlobalSection
	GlobalSection(SolutionProperties) = preSolution
		HideSolutionNode = FALSE
	EndGlobalSection
	GlobalSection(ExtensibilityGlobals) = postSolution
		SolutionGuid = {126AB05A-6A13-4291-AB99-DE0280F85C2B}
	EndGlobalSection
EndGlobal
